
Microsoft Visual Studio Solution File, Format Version 12.00
# Visual Studio Version 16
VisualStudioVersion = 16.0.31313.79
MinimumVisualStudioVersion = 10.0.40219.1
Project("{FAE04EC0-301F-11D3-BF4B-00C04F79EFBC}") = "UberFoodsAPI", "UberFoodsAPI\UberFoodsAPI.csproj", "{EFBFCC4E-15AC-4B19-87B5-E163924DB0EF}"
EndProject
Global
	GlobalSection(SolutionConfigurationPlatforms) = preSolution
		Debug|Any CPU = Debug|Any CPU
		Release|Any CPU = Release|Any CPU
	EndGlobalSection
	GlobalSection(ProjectConfigurationPlatforms) = postSolution
		{EFBFCC4E-15AC-4B19-87B5-E163924DB0EF}.Debug|Any CPU.ActiveCfg = Debug|Any CPU
		{EFBFCC4E-15AC-4B19-87B5-E163924DB0EF}.Debug|Any CPU.Build.0 = Debug|Any CPU
		{EFBFCC4E-15AC-4B19-87B5-E163924DB0EF}.Release|Any CPU.ActiveCfg = Release|Any CPU
		{EFBFCC4E-15AC-4B19-87B5-E163924DB0EF}.Release|Any CPU.Build.0 = Release|Any CPU
	EndGlobalSection
	GlobalSection(SolutionProperties) = preSolution
		HideSolutionNode = FALSE
	EndGlobalSection
	GlobalSection(ExtensibilityGlobals) = postSolution
		SolutionGuid = {4E4D1578-B739-44A0-AFA8-3F5B90E0A9CE}
	EndGlobalSection
EndGlobal
